
Microsoft Visual Studio Solution File, Format Version 12.00
# Visual Studio 2013
VisualStudioVersion = 12.0.30501.0
MinimumVisualStudioVersion = 10.0.40219.1
Project("{FAE04EC0-301F-11D3-BF4B-00C04F79EFBC}") = "SmurfTracker", "SmurfTracker\SmurfTracker.csproj", "{7C72D4D1-5090-4134-8134-CC3F29CB78DD}"
EndProject
Project("{FAE04EC0-301F-11D3-BF4B-00C04F79EFBC}") = "SmurfTrackerTests", "SmurfTrackerTests\SmurfTrackerTests.csproj", "{DCDCACF4-E855-4FE1-8547-5B103758106D}"
EndProject
Project("{FAE04EC0-301F-11D3-BF4B-00C04F79EFBC}") = "LolBackdoor", "lolBackdoor\LolBackdoor.csproj", "{9E57978C-F6DE-4AB3-8474-9C14B76367CF}"
EndProject
Project("{2150E333-8FDC-42A3-9474-1A3956D46DE8}") = ".nuget", ".nuget", "{FE4096B8-3B77-43E7-A119-54BD4BF9F2EA}"
	ProjectSection(SolutionItems) = preProject
		.nuget\packages.config = .nuget\packages.config
	EndProjectSection
EndProject
Global
	GlobalSection(SolutionConfigurationPlatforms) = preSolution
		Debug|Any CPU = Debug|Any CPU
		Release|Any CPU = Release|Any CPU
	EndGlobalSection
	GlobalSection(ProjectConfigurationPlatforms) = postSolution
		{7C72D4D1-5090-4134-8134-CC3F29CB78DD}.Debug|Any CPU.ActiveCfg = Debug|Any CPU
		{7C72D4D1-5090-4134-8134-CC3F29CB78DD}.Debug|Any CPU.Build.0 = Debug|Any CPU
		{7C72D4D1-5090-4134-8134-CC3F29CB78DD}.Release|Any CPU.ActiveCfg = Release|Any CPU
		{7C72D4D1-5090-4134-8134-CC3F29CB78DD}.Release|Any CPU.Build.0 = Release|Any CPU
		{DCDCACF4-E855-4FE1-8547-5B103758106D}.Debug|Any CPU.ActiveCfg = Debug|Any CPU
		{DCDCACF4-E855-4FE1-8547-5B103758106D}.Debug|Any CPU.Build.0 = Debug|Any CPU
		{DCDCACF4-E855-4FE1-8547-5B103758106D}.Release|Any CPU.ActiveCfg = Release|Any CPU
		{DCDCACF4-E855-4FE1-8547-5B103758106D}.Release|Any CPU.Build.0 = Release|Any CPU
		{9E57978C-F6DE-4AB3-8474-9C14B76367CF}.Debug|Any CPU.ActiveCfg = Debug|Any CPU
		{9E57978C-F6DE-4AB3-8474-9C14B76367CF}.Debug|Any CPU.Build.0 = Debug|Any CPU
		{9E57978C-F6DE-4AB3-8474-9C14B76367CF}.Release|Any CPU.ActiveCfg = Release|Any CPU
		{9E57978C-F6DE-4AB3-8474-9C14B76367CF}.Release|Any CPU.Build.0 = Release|Any CPU
	EndGlobalSection
	GlobalSection(SolutionProperties) = preSolution
		HideSolutionNode = FALSE
	EndGlobalSection
EndGlobal
